<?xml version="1.0" encoding="utf-8"?>
<Project ToolsVersion="4.0" xmlns="http://schemas.microsoft.com/developer/msbuild/2003">
  <ItemGroup>
    <Filter Include="Resource Files">
      <UniqueIdentifier>{D9D6E242-F8AF-46E4-B9FD-80ECBC20BA3E}</UniqueIdentifier>
      <Extensions>qrc;*</Extensions>
      <ParseFiles>false</ParseFiles>
    </Filter>
    <Filter Include="MainWindow">
      <UniqueIdentifier>{439c894d-f5a9-44f4-a52c-08548a304719}</UniqueIdentifier>
    </Filter>
    <Filter Include="MainWindow\Application">
      <UniqueIdentifier>{027286bc-786d-4d2d-8295-dd03ff928ad9}</UniqueIdentifier>
    </Filter>
    <Filter Include="Header Files">
      <UniqueIdentifier>{93995380-89BD-4b04-88EB-625FBE52EBFB}</UniqueIdentifier>
      <Extensions>h;hh;hpp;hxx;hm;inl;inc;xsd</Extensions>
      <ParseFiles>true</ParseFiles>
    </Filter>
    <Filter Include="Source Files">
      <UniqueIdentifier>{4FC737F1-C7A5-4376-A066-2A32D752A2FF}</UniqueIdentifier>
      <Extensions>cpp;c;cc;cxx;def;odl;idl;hpj;bat;asm;asmx</Extensions>
      <ParseFiles>true</ParseFiles>
    </Filter>
  </ItemGroup>
  <ItemGroup>
    <ClCompile Include="src\Sources\Application.cpp">
      <Filter>MainWindow\Application</Filter>
    </ClCompile>
    <ClCompile Include="src\Sources\main.cpp" />
    <ClCompile Include="src\Sources\stdafx.cpp" />
    <ClCompile Include="src\Sources\WeightProcessor.cpp">
      <Filter>Source Files</Filter>
    </ClCompile>
    <ClCompile Include="src\Sources\Functional.cpp">
      <Filter>Source Files</Filter>
    </ClCompile>
  </ItemGroup>
  <ItemGroup>
    <QtMoc Include="src\Headers\Application.h">
      <Filter>MainWindow\Application</Filter>
    </QtMoc>
    <QtMoc Include="src\Headers\WeightProcessor.h">
      <Filter>Header Files</Filter>
    </QtMoc>
  </ItemGroup>
  <ItemGroup>
    <QtRcc Include="Resources\Application.qrc">
      <Filter>MainWindow\Application</Filter>
    </QtRcc>
  </ItemGroup>
  <ItemGroup>
    <QtUic Include="src\Forms\Application.ui">
      <Filter>MainWindow\Application</Filter>
    </QtUic>
  </ItemGroup>
  <ItemGroup>
    <ClInclude Include="src\Headers\stdafx.h" />
    <ClInclude Include="src\Headers\Functional.h">
      <Filter>Header Files</Filter>
    </ClInclude>
    <ClInclude Include="src\Headers\Declarations.h">
      <Filter>Header Files</Filter>
    </ClInclude>
  </ItemGroup>
</Project>